
Microsoft Visual Studio Solution File, Format Version 12.00
# Visual Studio Version 16
VisualStudioVersion = 16.0.810.19
MinimumVisualStudioVersion = 10.0.40219.1
Project("{FAE04EC0-301F-11D3-BF4B-00C04F79EFBC}") = "Task_6", "Task_6\Task_6.csproj", "{15105FA0-1D8D-4221-AB29-36240BECCC34}"
EndProject
Global
	GlobalSection(SolutionConfigurationPlatforms) = preSolution
		Debug|Any CPU = Debug|Any CPU
		Release|Any CPU = Release|Any CPU
	EndGlobalSection
	GlobalSection(ProjectConfigurationPlatforms) = postSolution
		{15105FA0-1D8D-4221-AB29-36240BECCC34}.Debug|Any CPU.ActiveCfg = Debug|Any CPU
		{15105FA0-1D8D-4221-AB29-36240BECCC34}.Debug|Any CPU.Build.0 = Debug|Any CPU
		{15105FA0-1D8D-4221-AB29-36240BECCC34}.Release|Any CPU.ActiveCfg = Release|Any CPU
		{15105FA0-1D8D-4221-AB29-36240BECCC34}.Release|Any CPU.Build.0 = Release|Any CPU
	EndGlobalSection
	GlobalSection(SolutionProperties) = preSolution
		HideSolutionNode = FALSE
	EndGlobalSection
	GlobalSection(ExtensibilityGlobals) = postSolution
		SolutionGuid = {30FEECD0-F633-4B0D-A59B-AEB7D9CD3EAA}
	EndGlobalSection
EndGlobal
